// !$*UTF8*$!
{
	archiveVersion = 1;
	classes = {
	};
	objectVersion = 77;
	objects = {

/* Begin PBXBuildFile section */
		5AA2ED252D969CE800F80A40 /* NarratoUI in Frameworks */ = {isa = PBXBuildFile; productRef = 5AA2ED242D969CE800F80A40 /* NarratoUI */; };
/* End PBXBuildFile section */

/* Begin PBXContainerItemProxy section */
		5AA2EB892D964DCA00F80A40 /* PBXContainerItemProxy */ = {
			isa = PBXContainerItemProxy;
			containerPortal = 5AA2EB6D2D964DC900F80A40 /* Project object */;
			proxyType = 1;
			remoteGlobalIDString = 5AA2EB742D964DC900F80A40;
			remoteInfo = NarratoAI;
		};
		5AA2EB932D964DCA00F80A40 /* PBXContainerItemProxy */ = {
			isa = PBXContainerItemProxy;
			containerPortal = 5AA2EB6D2D964DC900F80A40 /* Project object */;
			proxyType = 1;
			remoteGlobalIDString = 5AA2EB742D964DC900F80A40;
			remoteInfo = NarratoAI;
		};
/* End PBXContainerItemProxy section */

/* Begin PBXFileReference section */
		5AA2EB752D964DC900F80A40 /* NarratoAI.app */ = {isa = PBXFileReference; explicitFileType = wrapper.application; includeInIndex = 0; path = NarratoAI.app; sourceTree = BUILT_PRODUCTS_DIR; };
		5AA2EB882D964DCA00F80A40 /* NarratoAITests.xctest */ = {isa = PBXFileReference; explicitFileType = wrapper.cfbundle; includeInIndex = 0; path = NarratoAITests.xctest; sourceTree = BUILT_PRODUCTS_DIR; };
		5AA2EB922D964DCA00F80A40 /* NarratoAIUITests.xctest */ = {isa = PBXFileReference; explicitFileType = wrapper.cfbundle; includeInIndex = 0; path = NarratoAIUITests.xctest; sourceTree = BUILT_PRODUCTS_DIR; };
		5AA2ED222D969CAE00F80A40 /* NarratoUI */ = {isa = PBXFileReference; lastKnownFileType = wrapper; path = NarratoUI; sourceTree = "<group>"; };
/* End PBXFileReference section */

/* Begin PBXFileSystemSynchronizedRootGroup section */
		5AA2EB772D964DC900F80A40 /* NarratoAI */ = {
			isa = PBXFileSystemSynchronizedRootGroup;
			path = NarratoAI;
			sourceTree = "<group>";
		};
		5AA2EB8B2D964DCA00F80A40 /* NarratoAITests */ = {
			isa = PBXFileSystemSynchronizedRootGroup;
			path = NarratoAITests;
			sourceTree = "<group>";
		};
		5AA2EB952D964DCA00F80A40 /* NarratoAIUITests */ = {
			isa = PBXFileSystemSynchronizedRootGroup;
			path = NarratoAIUITests;
			sourceTree = "<group>";
		};
/* End PBXFileSystemSynchronizedRootGroup section */

/* Begin PBXFrameworksBuildPhase section */
		5AA2EB722D964DC900F80A40 /* Frameworks */ = {
			isa = PBXFrameworksBuildPhase;
			buildActionMask = 2147483647;
			files = (
				5AA2ED252D969CE800F80A40 /* NarratoUI in Frameworks */,
			);
			runOnlyForDeploymentPostprocessing = 0;
		};
		5AA2EB852D964DCA00F80A40 /* Frameworks */ = {
			isa = PBXFrameworksBuildPhase;
			buildActionMask = 2147483647;
			files = (
			);
			runOnlyForDeploymentPostprocessing = 0;
		};
		5AA2EB8F2D964DCA00F80A40 /* Frameworks */ = {
			isa = PBXFrameworksBuildPhase;
			buildActionMask = 2147483647;
			files = (
			);
			runOnlyForDeploymentPostprocessing = 0;
		};
/* End PBXFrameworksBuildPhase section */

/* Begin PBXGroup section */
		5AA2EB6C2D964DC900F80A40 = {
			isa = PBXGroup;
			children = (
				5AA2ED222D969CAE00F80A40 /* NarratoUI */,
				5AA2EB772D964DC900F80A40 /* NarratoAI */,
				5AA2EB8B2D964DCA00F80A40 /* NarratoAITests */,
				5AA2EB952D964DCA00F80A40 /* NarratoAIUITests */,
				5AA2ED232D969CE800F80A40 /* Frameworks */,
				5AA2EB762D964DC900F80A40 /* Products */,
			);
			sourceTree = "<group>";
		};
		5AA2EB762D964DC900F80A40 /* Products */ = {
			isa = PBXGroup;
			children = (
				5AA2EB752D964DC900F80A40 /* NarratoAI.app */,
				5AA2EB882D964DCA00F80A40 /* NarratoAITests.xctest */,
				5AA2EB922D964DCA00F80A40 /* NarratoAIUITests.xctest */,
			);
			name = Products;
			sourceTree = "<group>";
		};
		5AA2ED232D969CE800F80A40 /* Frameworks */ = {
			isa = PBXGroup;
			children = (
			);
			name = Frameworks;
			sourceTree = "<group>";
		};
/* End PBXGroup section */

/* Begin PBXNativeTarget section */
		5AA2EB742D964DC900F80A40 /* NarratoAI */ = {
			isa = PBXNativeTarget;
			buildConfigurationList = 5AA2EB9C2D964DCA00F80A40 /* Build configuration list for PBXNativeTarget "NarratoAI" */;
			buildPhases = (
				5AA2EB712D964DC900F80A40 /* Sources */,
				5AA2EB722D964DC900F80A40 /* Frameworks */,
				5AA2EB732D964DC900F80A40 /* Resources */,
			);
			buildRules = (
			);
			dependencies = (
			);
			fileSystemSynchronizedGroups = (
				5AA2EB772D964DC900F80A40 /* NarratoAI */,
			);
			name = NarratoAI;
			packageProductDependencies = (
				5AA2ED242D969CE800F80A40 /* NarratoUI */,
			);
			productName = NarratoAI;
			productReference = 5AA2EB752D964DC900F80A40 /* NarratoAI.app */;
			productType = "com.apple.product-type.application";
		};
		5AA2EB872D964DCA00F80A40 /* NarratoAITests */ = {
			isa = PBXNativeTarget;
			buildConfigurationList = 5AA2EB9F2D964DCA00F80A40 /* Build configuration list for PBXNativeTarget "NarratoAITests" */;
			buildPhases = (
				5AA2EB842D964DCA00F80A40 /* Sources */,
				5AA2EB852D964DCA00F80A40 /* Frameworks */,
				5AA2EB862D964DCA00F80A40 /* Resources */,
			);
			buildRules = (
			);
			dependencies = (
				5AA2EB8A2D964DCA00F80A40 /* PBXTargetDependency */,
			);
			fileSystemSynchronizedGroups = (
				5AA2EB8B2D964DCA00F80A40 /* NarratoAITests */,
			);
			name = NarratoAITests;
			packageProductDependencies = (
			);
			productName = NarratoAITests;
			productReference = 5AA2EB882D964DCA00F80A40 /* NarratoAITests.xctest */;
			productType = "com.apple.product-type.bundle.unit-test";
		};
		5AA2EB912D964DCA00F80A40 /* NarratoAIUITests */ = {
			isa = PBXNativeTarget;
			buildConfigurationList = 5AA2EBA22D964DCA00F80A40 /* Build configuration list for PBXNativeTarget "NarratoAIUITests" */;
			buildPhases = (
				5AA2EB8E2D964DCA00F80A40 /* Sources */,
				5AA2EB8F2D964DCA00F80A40 /* Frameworks */,
				5AA2EB902D964DCA00F80A40 /* Resources */,
			);
			buildRules = (
			);
			dependencies = (
				5AA2EB942D964DCA00F80A40 /* PBXTargetDependency */,
			);
			fileSystemSynchronizedGroups = (
				5AA2EB952D964DCA00F80A40 /* NarratoAIUITests */,
			);
			name = NarratoAIUITests;
			packageProductDependencies = (
			);
			productName = NarratoAIUITests;
			productReference = 5AA2EB922D964DCA00F80A40 /* NarratoAIUITests.xctest */;
			productType = "com.apple.product-type.bundle.ui-testing";
		};
/* End PBXNativeTarget section */

/* Begin PBXProject section */
		5AA2EB6D2D964DC900F80A40 /* Project object */ = {
			isa = PBXProject;
			attributes = {
				BuildIndependentTargetsInParallel = 1;
				LastSwiftUpdateCheck = 1620;
				LastUpgradeCheck = 1620;
				TargetAttributes = {
					5AA2EB742D964DC900F80A40 = {
						CreatedOnToolsVersion = 16.2;
					};
					5AA2EB872D964DCA00F80A40 = {
						CreatedOnToolsVersion = 16.2;
						TestTargetID = 5AA2EB742D964DC900F80A40;
					};
					5AA2EB912D964DCA00F80A40 = {
						CreatedOnToolsVersion = 16.2;
						TestTargetID = 5AA2EB742D964DC900F80A40;
					};
				};
			};
			buildConfigurationList = 5AA2EB702D964DC900F80A40 /* Build configuration list for PBXProject "NarratoAI" */;
			developmentRegion = en;
			hasScannedForEncodings = 0;
			knownRegions = (
				en,
				Base,
			);
			mainGroup = 5AA2EB6C2D964DC900F80A40;
			minimizedProjectReferenceProxies = 1;
			preferredProjectObjectVersion = 77;
			productRefGroup = 5AA2EB762D964DC900F80A40 /* Products */;
			projectDirPath = "";
			projectRoot = "";
			targets = (
				5AA2EB742D964DC900F80A40 /* NarratoAI */,
				5AA2EB872D964DCA00F80A40 /* NarratoAITests */,
				5AA2EB912D964DCA00F80A40 /* NarratoAIUITests */,
			);
		};
/* End PBXProject section */

/* Begin PBXResourcesBuildPhase section */
		5AA2EB732D964DC900F80A40 /* Resources */ = {
			isa = PBXResourcesBuildPhase;
			buildActionMask = 2147483647;
			files = (
			);
			runOnlyForDeploymentPostprocessing = 0;
		};
		5AA2EB862D964DCA00F80A40 /* Resources */ = {
			isa = PBXResourcesBuildPhase;
			buildActionMask = 2147483647;
			files = (
			);
			runOnlyForDeploymentPostprocessing = 0;
		};
		5AA2EB902D964DCA00F80A40 /* Resources */ = {
			isa = PBXResourcesBuildPhase;
			buildActionMask = 2147483647;
			files = (
			);
			runOnlyForDeploymentPostprocessing = 0;
		};
/* End PBXResourcesBuildPhase section */

/* Begin PBXSourcesBuildPhase section */
		5AA2EB712D964DC900F80A40 /* Sources */ = {
			isa = PBXSourcesBuildPhase;
			buildActionMask = 2147483647;
			files = (
			);
			runOnlyForDeploymentPostprocessing = 0;
		};
		5AA2EB842D964DCA00F80A40 /* Sources */ = {
			isa = PBXSourcesBuildPhase;
			buildActionMask = 2147483647;
			files = (
			);
			runOnlyForDeploymentPostprocessing = 0;
		};
		5AA2EB8E2D964DCA00F80A40 /* Sources */ = {
			isa = PBXSourcesBuildPhase;
			buildActionMask = 2147483647;
			files = (
			);
			runOnlyForDeploymentPostprocessing = 0;
		};
/* End PBXSourcesBuildPhase section */

/* Begin PBXTargetDependency section */
		5AA2EB8A2D964DCA00F80A40 /* PBXTargetDependency */ = {
			isa = PBXTargetDependency;
			target = 5AA2EB742D964DC900F80A40 /* NarratoAI */;
			targetProxy = 5AA2EB892D964DCA00F80A40 /* PBXContainerItemProxy */;
		};
		5AA2EB942D964DCA00F80A40 /* PBXTargetDependency */ = {
			isa = PBXTargetDependency;
			target = 5AA2EB742D964DC900F80A40 /* NarratoAI */;
			targetProxy = 5AA2EB932D964DCA00F80A40 /* PBXContainerItemProxy */;
		};
/* End PBXTargetDependency section */

/* Begin XCBuildConfiguration section */
		5AA2EB9A2D964DCA00F80A40 /* Debug */ = {
			isa = XCBuildConfiguration;
			buildSettings = {
				ALWAYS_SEARCH_USER_PATHS = NO;
				ASSETCATALOG_COMPILER_GENERATE_SWIFT_ASSET_SYMBOL_EXTENSIONS = YES;
				CLANG_ANALYZER_NONNULL = YES;
				CLANG_ANALYZER_NUMBER_OBJECT_CONVERSION = YES_AGGRESSIVE;
				CLANG_CXX_LANGUAGE_STANDARD = "gnu++20";
				CLANG_ENABLE_MODULES = YES;
				CLANG_ENABLE_OBJC_ARC = YES;
				CLANG_ENABLE_OBJC_WEAK = YES;
				CLANG_WARN_BLOCK_CAPTURE_AUTORELEASING = YES;
				CLANG_WARN_BOOL_CONVERSION = YES;
				CLANG_WARN_COMMA = YES;
				CLANG_WARN_CONSTANT_CONVERSION = YES;
				CLANG_WARN_DEPRECATED_OBJC_IMPLEMENTATIONS = YES;
				CLANG_WARN_DIRECT_OBJC_ISA_USAGE = YES_ERROR;
				CLANG_WARN_DOCUMENTATION_COMMENTS = YES;
				CLANG_WARN_EMPTY_BODY = YES;
				CLANG_WARN_ENUM_CONVERSION = YES;
				CLANG_WARN_INFINITE_RECURSION = YES;
				CLANG_WARN_INT_CONVERSION = YES;
				CLANG_WARN_NON_LITERAL_NULL_CONVERSION = YES;
				CLANG_WARN_OBJC_IMPLICIT_RETAIN_SELF = YES;
				CLANG_WARN_OBJC_LITERAL_CONVERSION = YES;
				CLANG_WARN_OBJC_ROOT_CLASS = YES_ERROR;
				CLANG_WARN_QUOTED_INCLUDE_IN_FRAMEWORK_HEADER = YES;
				CLANG_WARN_RANGE_LOOP_ANALYSIS = YES;
				CLANG_WARN_STRICT_PROTOTYPES = YES;
				CLANG_WARN_SUSPICIOUS_MOVE = YES;
				CLANG_WARN_UNGUARDED_AVAILABILITY = YES_AGGRESSIVE;
				CLANG_WARN_UNREACHABLE_CODE = YES;
				CLANG_WARN__DUPLICATE_METHOD_MATCH = YES;
				COPY_PHASE_STRIP = NO;
				DEBUG_INFORMATION_FORMAT = dwarf;
				ENABLE_STRICT_OBJC_MSGSEND = YES;
				ENABLE_TESTABILITY = YES;
				ENABLE_USER_SCRIPT_SANDBOXING = YES;
				GCC_C_LANGUAGE_STANDARD = gnu17;
				GCC_DYNAMIC_NO_PIC = NO;
				GCC_NO_COMMON_BLOCKS = YES;
				GCC_OPTIMIZATION_LEVEL = 0;
				GCC_PREPROCESSOR_DEFINITIONS = (
					"DEBUG=1",
					"$(inherited)",
				);
				GCC_WARN_64_TO_32_BIT_CONVERSION = YES;
				GCC_WARN_ABOUT_RETURN_TYPE = YES_ERROR;
				GCC_WARN_UNDECLARED_SELECTOR = YES;
				GCC_WARN_UNINITIALIZED_AUTOS = YES_AGGRESSIVE;
				GCC_WARN_UNUSED_FUNCTION = YES;
				GCC_WARN_UNUSED_VARIABLE = YES;
				LOCALIZATION_PREFERS_STRING_CATALOGS = YES;
				MTL_ENABLE_DEBUG_INFO = INCLUDE_SOURCE;
				MTL_FAST_MATH = YES;
				ONLY_ACTIVE_ARCH = YES;
				SWIFT_ACTIVE_COMPILATION_CONDITIONS = "DEBUG $(inherited)";
				SWIFT_OPTIMIZATION_LEVEL = "-Onone";
			};
			name = Debug;
		};
		5AA2EB9B2D964DCA00F80A40 /* Release */ = {
			isa = XCBuildConfiguration;
			buildSettings = {
				ALWAYS_SEARCH_USER_PATHS = NO;
				ASSETCATALOG_COMPILER_GENERATE_SWIFT_ASSET_SYMBOL_EXTENSIONS = YES;
				CLANG_ANALYZER_NONNULL = YES;
				CLANG_ANALYZER_NUMBER_OBJECT_CONVERSION = YES_AGGRESSIVE;
				CLANG_CXX_LANGUAGE_STANDARD = "gnu++20";
				CLANG_ENABLE_MODULES = YES;
				CLANG_ENABLE_OBJC_ARC = YES;
				CLANG_ENABLE_OBJC_WEAK = YES;
				CLANG_WARN_BLOCK_CAPTURE_AUTORELEASING = YES;
				CLANG_WARN_BOOL_CONVERSION = YES;
				CLANG_WARN_COMMA = YES;
				CLANG_WARN_CONSTANT_CONVERSION = YES;
				CLANG_WARN_DEPRECATED_OBJC_IMPLEMENTATIONS = YES;
				CLANG_WARN_DIRECT_OBJC_ISA_USAGE = YES_ERROR;
				CLANG_WARN_DOCUMENTATION_COMMENTS = YES;
				CLANG_WARN_EMPTY_BODY = YES;
				CLANG_WARN_ENUM_CONVERSION = YES;
				CLANG_WARN_INFINITE_RECURSION = YES;
				CLANG_WARN_INT_CONVERSION = YES;
				CLANG_WARN_NON_LITERAL_NULL_CONVERSION = YES;
				CLANG_WARN_OBJC_IMPLICIT_RETAIN_SELF = YES;
				CLANG_WARN_OBJC_LITERAL_CONVERSION = YES;
				CLANG_WARN_OBJC_ROOT_CLASS = YES_ERROR;
				CLANG_WARN_QUOTED_INCLUDE_IN_FRAMEWORK_HEADER = YES;
				CLANG_WARN_RANGE_LOOP_ANALYSIS = YES;
				CLANG_WARN_STRICT_PROTOTYPES = YES;
				CLANG_WARN_SUSPICIOUS_MOVE = YES;
				CLANG_WARN_UNGUARDED_AVAILABILITY = YES_AGGRESSIVE;
				CLANG_WARN_UNREACHABLE_CODE = YES;
				CLANG_WARN__DUPLICATE_METHOD_MATCH = YES;
				COPY_PHASE_STRIP = NO;
				DEBUG_INFORMATION_FORMAT = "dwarf-with-dsym";
				ENABLE_NS_ASSERTIONS = NO;
				ENABLE_STRICT_OBJC_MSGSEND = YES;
				ENABLE_USER_SCRIPT_SANDBOXING = YES;
				GCC_C_LANGUAGE_STANDARD = gnu17;
				GCC_NO_COMMON_BLOCKS = YES;
				GCC_WARN_64_TO_32_BIT_CONVERSION = YES;
				GCC_WARN_ABOUT_RETURN_TYPE = YES_ERROR;
				GCC_WARN_UNDECLARED_SELECTOR = YES;
				GCC_WARN_UNINITIALIZED_AUTOS = YES_AGGRESSIVE;
				GCC_WARN_UNUSED_FUNCTION = YES;
				GCC_WARN_UNUSED_VARIABLE = YES;
				LOCALIZATION_PREFERS_STRING_CATALOGS = YES;
				MTL_ENABLE_DEBUG_INFO = NO;
				MTL_FAST_MATH = YES;
				SWIFT_COMPILATION_MODE = wholemodule;
			};
			name = Release;
		};
		5AA2EB9D2D964DCA00F80A40 /* Debug */ = {
			isa = XCBuildConfiguration;
			buildSettings = {
				ASSETCATALOG_COMPILER_APPICON_NAME = AppIcon;
				ASSETCATALOG_COMPILER_GLOBAL_ACCENT_COLOR_NAME = AccentColor;
				CODE_SIGN_ENTITLEMENTS = NarratoAI/Resource/NarratoAI.entitlements;
				CODE_SIGN_STYLE = Automatic;
				CURRENT_PROJECT_VERSION = 1;
				DEVELOPMENT_ASSET_PATHS = "\"NarratoAI/Preview Content\"";
				ENABLE_PREVIEWS = YES;
				GENERATE_INFOPLIST_FILE = YES;
				"INFOPLIST_KEY_UIApplicationSceneManifest_Generation[sdk=iphoneos*]" = YES;
				"INFOPLIST_KEY_UIApplicationSceneManifest_Generation[sdk=iphonesimulator*]" = YES;
				"INFOPLIST_KEY_UIApplicationSupportsIndirectInputEvents[sdk=iphoneos*]" = YES;
				"INFOPLIST_KEY_UIApplicationSupportsIndirectInputEvents[sdk=iphonesimulator*]" = YES;
				"INFOPLIST_KEY_UILaunchScreen_Generation[sdk=iphoneos*]" = YES;
				"INFOPLIST_KEY_UILaunchScreen_Generation[sdk=iphonesimulator*]" = YES;
				"INFOPLIST_KEY_UIStatusBarStyle[sdk=iphoneos*]" = UIStatusBarStyleDefault;
				"INFOPLIST_KEY_UIStatusBarStyle[sdk=iphonesimulator*]" = UIStatusBarStyleDefault;
				INFOPLIST_KEY_UISupportedInterfaceOrientations_iPad = "UIInterfaceOrientationPortrait UIInterfaceOrientationPortraitUpsideDown UIInterfaceOrientationLandscapeLeft UIInterfaceOrientationLandscapeRight";
				INFOPLIST_KEY_UISupportedInterfaceOrientations_iPhone = "UIInterfaceOrientationPortrait UIInterfaceOrientationLandscapeLeft UIInterfaceOrientationLandscapeRight";
				IPHONEOS_DEPLOYMENT_TARGET = 18.2;
				LD_RUNPATH_SEARCH_PATHS = "@executable_path/Frameworks";
				"LD_RUNPATH_SEARCH_PATHS[sdk=macosx*]" = "@executable_path/../Frameworks";
				MACOSX_DEPLOYMENT_TARGET = 14.0;
				MARKETING_VERSION = 1.0;
				PRODUCT_BUNDLE_IDENTIFIER = com.kane.NarratoAI;
				PRODUCT_NAME = "$(TARGET_NAME)";
				SDKROOT = auto;
				SUPPORTED_PLATFORMS = "iphoneos iphonesimulator macosx xros xrsimulator";
				SWIFT_EMIT_LOC_STRINGS = YES;
				SWIFT_VERSION = 5.0;
				TARGETED_DEVICE_FAMILY = "1,2,7";
				XROS_DEPLOYMENT_TARGET = 2.2;
			};
			name = Debug;
		};
		5AA2EB9E2D964DCA00F80A40 /* Release */ = {
			isa = XCBuildConfiguration;
			buildSettings = {
				ASSETCATALOG_COMPILER_APPICON_NAME = AppIcon;
				ASSETCATALOG_COMPILER_GLOBAL_ACCENT_COLOR_NAME = AccentColor;
				CODE_SIGN_ENTITLEMENTS = NarratoAI/Resource/NarratoAI.entitlements;
				CODE_SIGN_STYLE = Automatic;
				CURRENT_PROJECT_VERSION = 1;
				DEVELOPMENT_ASSET_PATHS = "\"NarratoAI/Preview Content\"";
				ENABLE_PREVIEWS = YES;
				GENERATE_INFOPLIST_FILE = YES;
				"INFOPLIST_KEY_UIApplicationSceneManifest_Generation[sdk=iphoneos*]" = YES;
				"INFOPLIST_KEY_UIApplicationSceneManifest_Generation[sdk=iphonesimulator*]" = YES;
				"INFOPLIST_KEY_UIApplicationSupportsIndirectInputEvents[sdk=iphoneos*]" = YES;
				"INFOPLIST_KEY_UIApplicationSupportsIndirectInputEvents[sdk=iphonesimulator*]" = YES;
				"INFOPLIST_KEY_UILaunchScreen_Generation[sdk=iphoneos*]" = YES;
				"INFOPLIST_KEY_UILaunchScreen_Generation[sdk=iphonesimulator*]" = YES;
				"INFOPLIST_KEY_UIStatusBarStyle[sdk=iphoneos*]" = UIStatusBarStyleDefault;
				"INFOPLIST_KEY_UIStatusBarStyle[sdk=iphonesimulator*]" = UIStatusBarStyleDefault;
				INFOPLIST_KEY_UISupportedInterfaceOrientations_iPad = "UIInterfaceOrientationPortrait UIInterfaceOrientationPortraitUpsideDown UIInterfaceOrientationLandscapeLeft UIInterfaceOrientationLandscapeRight";
				INFOPLIST_KEY_UISupportedInterfaceOrientations_iPhone = "UIInterfaceOrientationPortrait UIInterfaceOrientationLandscapeLeft UIInterfaceOrientationLandscapeRight";
				IPHONEOS_DEPLOYMENT_TARGET = 18.2;
				LD_RUNPATH_SEARCH_PATHS = "@executable_path/Frameworks";
				"LD_RUNPATH_SEARCH_PATHS[sdk=macosx*]" = "@executable_path/../Frameworks";
				MACOSX_DEPLOYMENT_TARGET = 14.0;
				MARKETING_VERSION = 1.0;
				PRODUCT_BUNDLE_IDENTIFIER = com.kane.NarratoAI;
				PRODUCT_NAME = "$(TARGET_NAME)";
				SDKROOT = auto;
				SUPPORTED_PLATFORMS = "iphoneos iphonesimulator macosx xros xrsimulator";
				SWIFT_EMIT_LOC_STRINGS = YES;
				SWIFT_VERSION = 5.0;
				TARGETED_DEVICE_FAMILY = "1,2,7";
				XROS_DEPLOYMENT_TARGET = 2.2;
			};
			name = Release;
		};
		5AA2EBA02D964DCA00F80A40 /* Debug */ = {
			isa = XCBuildConfiguration;
			buildSettings = {
				BUNDLE_LOADER = "$(TEST_HOST)";
				CODE_SIGN_STYLE = Automatic;
				CURRENT_PROJECT_VERSION = 1;
				GENERATE_INFOPLIST_FILE = YES;
				IPHONEOS_DEPLOYMENT_TARGET = 18.2;
				MACOSX_DEPLOYMENT_TARGET = 14.5;
				MARKETING_VERSION = 1.0;
				PRODUCT_BUNDLE_IDENTIFIER = com.kane.NarratoAITests;
				PRODUCT_NAME = "$(TARGET_NAME)";
				SDKROOT = auto;
				SUPPORTED_PLATFORMS = "iphoneos iphonesimulator macosx xros xrsimulator";
				SWIFT_EMIT_LOC_STRINGS = NO;
				SWIFT_VERSION = 5.0;
				TARGETED_DEVICE_FAMILY = "1,2,7";
				TEST_HOST = "$(BUILT_PRODUCTS_DIR)/NarratoAI.app/$(BUNDLE_EXECUTABLE_FOLDER_PATH)/NarratoAI";
				XROS_DEPLOYMENT_TARGET = 2.2;
			};
			name = Debug;
		};
		5AA2EBA12D964DCA00F80A40 /* Release */ = {
			isa = XCBuildConfiguration;
			buildSettings = {
				BUNDLE_LOADER = "$(TEST_HOST)";
				CODE_SIGN_STYLE = Automatic;
				CURRENT_PROJECT_VERSION = 1;
				GENERATE_INFOPLIST_FILE = YES;
				IPHONEOS_DEPLOYMENT_TARGET = 18.2;
				MACOSX_DEPLOYMENT_TARGET = 14.5;
				MARKETING_VERSION = 1.0;
				PRODUCT_BUNDLE_IDENTIFIER = com.kane.NarratoAITests;
				PRODUCT_NAME = "$(TARGET_NAME)";
				SDKROOT = auto;
				SUPPORTED_PLATFORMS = "iphoneos iphonesimulator macosx xros xrsimulator";
				SWIFT_EMIT_LOC_STRINGS = NO;
				SWIFT_VERSION = 5.0;
				TARGETED_DEVICE_FAMILY = "1,2,7";
				TEST_HOST = "$(BUILT_PRODUCTS_DIR)/NarratoAI.app/$(BUNDLE_EXECUTABLE_FOLDER_PATH)/NarratoAI";
				XROS_DEPLOYMENT_TARGET = 2.2;
			};
			name = Release;
		};
		5AA2EBA32D964DCA00F80A40 /* Debug */ = {
			isa = XCBuildConfiguration;
			buildSettings = {
				CODE_SIGN_STYLE = Automatic;
				CURRENT_PROJECT_VERSION = 1;
				GENERATE_INFOPLIST_FILE = YES;
				IPHONEOS_DEPLOYMENT_TARGET = 18.2;
				MACOSX_DEPLOYMENT_TARGET = 14.5;
				MARKETING_VERSION = 1.0;
				PRODUCT_BUNDLE_IDENTIFIER = com.kane.NarratoAIUITests;
				PRODUCT_NAME = "$(TARGET_NAME)";
				SDKROOT = auto;
				SUPPORTED_PLATFORMS = "iphoneos iphonesimulator macosx xros xrsimulator";
				SWIFT_EMIT_LOC_STRINGS = NO;
				SWIFT_VERSION = 5.0;
				TARGETED_DEVICE_FAMILY = "1,2,7";
				TEST_TARGET_NAME = NarratoAI;
				XROS_DEPLOYMENT_TARGET = 2.2;
			};
			name = Debug;
		};
		5AA2EBA42D964DCA00F80A40 /* Release */ = {
			isa = XCBuildConfiguration;
			buildSettings = {
				CODE_SIGN_STYLE = Automatic;
				CURRENT_PROJECT_VERSION = 1;
				GENERATE_INFOPLIST_FILE = YES;
				IPHONEOS_DEPLOYMENT_TARGET = 18.2;
				MACOSX_DEPLOYMENT_TARGET = 14.5;
				MARKETING_VERSION = 1.0;
				PRODUCT_BUNDLE_IDENTIFIER = com.kane.NarratoAIUITests;
				PRODUCT_NAME = "$(TARGET_NAME)";
				SDKROOT = auto;
				SUPPORTED_PLATFORMS = "iphoneos iphonesimulator macosx xros xrsimulator";
				SWIFT_EMIT_LOC_STRINGS = NO;
				SWIFT_VERSION = 5.0;
				TARGETED_DEVICE_FAMILY = "1,2,7";
				TEST_TARGET_NAME = NarratoAI;
				XROS_DEPLOYMENT_TARGET = 2.2;
			};
			name = Release;
		};
/* End XCBuildConfiguration section */

/* Begin XCConfigurationList section */
		5AA2EB702D964DC900F80A40 /* Build configuration list for PBXProject "NarratoAI" */ = {
			isa = XCConfigurationList;
			buildConfigurations = (
				5AA2EB9A2D964DCA00F80A40 /* Debug */,
				5AA2EB9B2D964DCA00F80A40 /* Release */,
			);
			defaultConfigurationIsVisible = 0;
			defaultConfigurationName = Release;
		};
		5AA2EB9C2D964DCA00F80A40 /* Build configuration list for PBXNativeTarget "NarratoAI" */ = {
			isa = XCConfigurationList;
			buildConfigurations = (
				5AA2EB9D2D964DCA00F80A40 /* Debug */,
				5AA2EB9E2D964DCA00F80A40 /* Release */,
			);
			defaultConfigurationIsVisible = 0;
			defaultConfigurationName = Release;
		};
		5AA2EB9F2D964DCA00F80A40 /* Build configuration list for PBXNativeTarget "NarratoAITests" */ = {
			isa = XCConfigurationList;
			buildConfigurations = (
				5AA2EBA02D964DCA00F80A40 /* Debug */,
				5AA2EBA12D964DCA00F80A40 /* Release */,
			);
			defaultConfigurationIsVisible = 0;
			defaultConfigurationName = Release;
		};
		5AA2EBA22D964DCA00F80A40 /* Build configuration list for PBXNativeTarget "NarratoAIUITests" */ = {
			isa = XCConfigurationList;
			buildConfigurations = (
				5AA2EBA32D964DCA00F80A40 /* Debug */,
				5AA2EBA42D964DCA00F80A40 /* Release */,
			);
			defaultConfigurationIsVisible = 0;
			defaultConfigurationName = Release;
		};
/* End XCConfigurationList section */

/* Begin XCSwiftPackageProductDependency section */
		5AA2ED242D969CE800F80A40 /* NarratoUI */ = {
			isa = XCSwiftPackageProductDependency;
			productName = NarratoUI;
		};
/* End XCSwiftPackageProductDependency section */
	};
	rootObject = 5AA2EB6D2D964DC900F80A40 /* Project object */;
}
